
Microsoft Visual Studio Solution File, Format Version 12.00
# Visual Studio Version 17
VisualStudioVersion = 17.11.35222.181
MinimumVisualStudioVersion = 10.0.40219.1
Project("{FAE04EC0-301F-11D3-BF4B-00C04F79EFBC}") = "EmployeeAPI", "EmployeeAPI\EmployeeAPI.csproj", "{A97D9256-2BC7-4F4B-AE5D-3C98EB165219}"
EndProject
Global
	GlobalSection(SolutionConfigurationPlatforms) = preSolution
		Debug|Any CPU = Debug|Any CPU
		Release|Any CPU = Release|Any CPU
	EndGlobalSection
	GlobalSection(ProjectConfigurationPlatforms) = postSolution
		{A97D9256-2BC7-4F4B-AE5D-3C98EB165219}.Debug|Any CPU.ActiveCfg = Debug|Any CPU
		{A97D9256-2BC7-4F4B-AE5D-3C98EB165219}.Debug|Any CPU.Build.0 = Debug|Any CPU
		{A97D9256-2BC7-4F4B-AE5D-3C98EB165219}.Release|Any CPU.ActiveCfg = Release|Any CPU
		{A97D9256-2BC7-4F4B-AE5D-3C98EB165219}.Release|Any CPU.Build.0 = Release|Any CPU
	EndGlobalSection
	GlobalSection(SolutionProperties) = preSolution
		HideSolutionNode = FALSE
	EndGlobalSection
	GlobalSection(ExtensibilityGlobals) = postSolution
		SolutionGuid = {2FC60D8B-6951-4301-8B35-6FA55111FB24}
	EndGlobalSection
EndGlobal
